
Microsoft Visual Studio Solution File, Format Version 12.00
# Visual Studio Version 17
VisualStudioVersion = 17.5.33424.131
MinimumVisualStudioVersion = 10.0.40219.1
Project("{9A19103F-16F7-4668-BE54-9A1E7A4F7556}") = "IbeamPluginProject", "IbeamPluginProject.csproj", "{E8FEBCCB-CB98-4DC5-BEFE-9290AE52E758}"
EndProject
Project("{2150E333-8FDC-42A3-9474-1A3956D46DE8}") = "Solution Items", "Solution Items", "{C707132F-04B6-431E-AF96-B4F5F6BC80D4}"
EndProject
Global
	GlobalSection(SolutionConfigurationPlatforms) = preSolution
		Debug|Any CPU = Debug|Any CPU
		Release|Any CPU = Release|Any CPU
	EndGlobalSection
	GlobalSection(ProjectConfigurationPlatforms) = postSolution
		{E8FEBCCB-CB98-4DC5-BEFE-9290AE52E758}.Debug|Any CPU.ActiveCfg = Debug|Any CPU
		{E8FEBCCB-CB98-4DC5-BEFE-9290AE52E758}.Debug|Any CPU.Build.0 = Debug|Any CPU
		{E8FEBCCB-CB98-4DC5-BEFE-9290AE52E758}.Release|Any CPU.ActiveCfg = Release|Any CPU
		{E8FEBCCB-CB98-4DC5-BEFE-9290AE52E758}.Release|Any CPU.Build.0 = Release|Any CPU
	EndGlobalSection
	GlobalSection(SolutionProperties) = preSolution
		HideSolutionNode = FALSE
	EndGlobalSection
	GlobalSection(ExtensibilityGlobals) = postSolution
		SolutionGuid = {90672789-A6D2-42CE-81BF-B9129E898D3C}
	EndGlobalSection
EndGlobal
